
Microsoft Visual Studio Solution File, Format Version 12.00
# Visual Studio 15
VisualStudioVersion = 15.0.26730.16
MinimumVisualStudioVersion = 10.0.40219.1
Project("{FAE04EC0-301F-11D3-BF4B-00C04F79EFBC}") = "MyProject.App.v1", "MyProject.App.v1\MyProject.App.v1.csproj", "{7658A2C1-22A7-4E8B-ABA1-58E9624960B2}"
EndProject
Project("{FAE04EC0-301F-11D3-BF4B-00C04F79EFBC}") = "MyProject.App.v2", "MyProject.App.v2\MyProject.App.v2.csproj", "{CBCC6814-4C89-464B-97C3-543AF4569FBE}"
EndProject
Global
	GlobalSection(SolutionConfigurationPlatforms) = preSolution
		Debug|Any CPU = Debug|Any CPU
		Release|Any CPU = Release|Any CPU
	EndGlobalSection
	GlobalSection(ProjectConfigurationPlatforms) = postSolution
		{7658A2C1-22A7-4E8B-ABA1-58E9624960B2}.Debug|Any CPU.ActiveCfg = Debug|Any CPU
		{7658A2C1-22A7-4E8B-ABA1-58E9624960B2}.Debug|Any CPU.Build.0 = Debug|Any CPU
		{7658A2C1-22A7-4E8B-ABA1-58E9624960B2}.Release|Any CPU.ActiveCfg = Release|Any CPU
		{7658A2C1-22A7-4E8B-ABA1-58E9624960B2}.Release|Any CPU.Build.0 = Release|Any CPU
		{CBCC6814-4C89-464B-97C3-543AF4569FBE}.Debug|Any CPU.ActiveCfg = Debug|Any CPU
		{CBCC6814-4C89-464B-97C3-543AF4569FBE}.Debug|Any CPU.Build.0 = Debug|Any CPU
		{CBCC6814-4C89-464B-97C3-543AF4569FBE}.Release|Any CPU.ActiveCfg = Release|Any CPU
		{CBCC6814-4C89-464B-97C3-543AF4569FBE}.Release|Any CPU.Build.0 = Release|Any CPU
	EndGlobalSection
	GlobalSection(SolutionProperties) = preSolution
		HideSolutionNode = FALSE
	EndGlobalSection
	GlobalSection(ExtensibilityGlobals) = postSolution
		SolutionGuid = {0533C1AE-354F-4933-9CA0-ED1816EA814D}
	EndGlobalSection
EndGlobal
